// !$*UTF8*$!
{
	archiveVersion = 1;
	classes = {
	};
	objectVersion = 46;
	objects = {

/* Begin PBXBuildFile section */
		3F2A8F641C6A65F5002F6B76 /* Networking.swift in Sources */ = {isa = PBXBuildFile; fileRef = 3F2A8F631C6A65F5002F6B76 /* Networking.swift */; };
		3F2A8F661C6A6FC5002F6B76 /* CoreLocation.framework in Frameworks */ = {isa = PBXBuildFile; fileRef = 3F2A8F651C6A6FC4002F6B76 /* CoreLocation.framework */; };
		3FC0C1C01C66527A004BD741 /* ParallaxHeaderView.m in Sources */ = {isa = PBXBuildFile; fileRef = 3FC0C1BF1C66527A004BD741 /* ParallaxHeaderView.m */; };
		3FC6D88E1C6685E100471456 /* TabBarCustomViewController.swift in Sources */ = {isa = PBXBuildFile; fileRef = 3FC6D88D1C6685E100471456 /* TabBarCustomViewController.swift */; };
		3FC6D8901C668BA300471456 /* HistoryViewController.swift in Sources */ = {isa = PBXBuildFile; fileRef = 3FC6D88F1C668BA300471456 /* HistoryViewController.swift */; };
		3FD726861C663A2300AA4CB1 /* AppDelegate.swift in Sources */ = {isa = PBXBuildFile; fileRef = 3FD726851C663A2300AA4CB1 /* AppDelegate.swift */; };
		3FD7268D1C663A2300AA4CB1 /* Main.storyboard in Resources */ = {isa = PBXBuildFile; fileRef = 3FD7268B1C663A2300AA4CB1 /* Main.storyboard */; };
		3FD7268F1C663A2300AA4CB1 /* Assets.xcassets in Resources */ = {isa = PBXBuildFile; fileRef = 3FD7268E1C663A2300AA4CB1 /* Assets.xcassets */; };
		3FD726921C663A2300AA4CB1 /* LaunchScreen.storyboard in Resources */ = {isa = PBXBuildFile; fileRef = 3FD726901C663A2300AA4CB1 /* LaunchScreen.storyboard */; };
		3FD7269A1C66465900AA4CB1 /* PlacesViewController.swift in Sources */ = {isa = PBXBuildFile; fileRef = 3FD726991C66465900AA4CB1 /* PlacesViewController.swift */; };
		3FD7269E1C66492500AA4CB1 /* PhraseTableViewCell.swift in Sources */ = {isa = PBXBuildFile; fileRef = 3FD7269D1C66492500AA4CB1 /* PhraseTableViewCell.swift */; };
		3FE01D0D1C6654F70036CB08 /* UIImage+ImageEffects.m in Sources */ = {isa = PBXBuildFile; fileRef = 3FE01D0C1C6654F70036CB08 /* UIImage+ImageEffects.m */; };
		3FE01D0F1C66581F0036CB08 /* ParH.xib in Resources */ = {isa = PBXBuildFile; fileRef = 3FE01D0E1C66581F0036CB08 /* ParH.xib */; };
		3FE9B1A61C66AE7E00A46EE8 /* SKSplashIcon.m in Sources */ = {isa = PBXBuildFile; fileRef = 3FE9B1A31C66AE7E00A46EE8 /* SKSplashIcon.m */; };
		3FE9B1A71C66AE7E00A46EE8 /* SKSplashView.m in Sources */ = {isa = PBXBuildFile; fileRef = 3FE9B1A51C66AE7E00A46EE8 /* SKSplashView.m */; };
		3FE9B1A91C66B26400A46EE8 /* ProgressViewController.swift in Sources */ = {isa = PBXBuildFile; fileRef = 3FE9B1A81C66B26400A46EE8 /* ProgressViewController.swift */; };
		3FE9B1AB1C66C26D00A46EE8 /* HeaderView.swift in Sources */ = {isa = PBXBuildFile; fileRef = 3FE9B1AA1C66C26D00A46EE8 /* HeaderView.swift */; };
		3FE9B1B51C66CA6C00A46EE8 /* DateTableViewCell.swift in Sources */ = {isa = PBXBuildFile; fileRef = 3FE9B1B41C66CA6C00A46EE8 /* DateTableViewCell.swift */; };
		3FE9B1B71C66DD7400A46EE8 /* DetailViewController.swift in Sources */ = {isa = PBXBuildFile; fileRef = 3FE9B1B61C66DD7400A46EE8 /* DetailViewController.swift */; };
		3FE9B1B91C66F49400A46EE8 /* Data.swift in Sources */ = {isa = PBXBuildFile; fileRef = 3FE9B1B81C66F49400A46EE8 /* Data.swift */; };
		F35C009DB54B33F5B21C4C7A /* Pods_Lexicon.framework in Frameworks */ = {isa = PBXBuildFile; fileRef = 39DD05BAF777407A367B8452 /* Pods_Lexicon.framework */; };
/* End PBXBuildFile section */

/* Begin PBXFileReference section */
		2698F2174AB4B607938B7435 /* Pods-Lexicon.release.xcconfig */ = {isa = PBXFileReference; includeInIndex = 1; lastKnownFileType = text.xcconfig; name = "Pods-Lexicon.release.xcconfig"; path = "Pods/Target Support Files/Pods-Lexicon/Pods-Lexicon.release.xcconfig"; sourceTree = "<group>"; };
		39DD05BAF777407A367B8452 /* Pods_Lexicon.framework */ = {isa = PBXFileReference; explicitFileType = wrapper.framework; includeInIndex = 0; path = Pods_Lexicon.framework; sourceTree = BUILT_PRODUCTS_DIR; };
		3F2A8F631C6A65F5002F6B76 /* Networking.swift */ = {isa = PBXFileReference; fileEncoding = 4; lastKnownFileType = sourcecode.swift; path = Networking.swift; sourceTree = "<group>"; };
		3F2A8F651C6A6FC4002F6B76 /* CoreLocation.framework */ = {isa = PBXFileReference; lastKnownFileType = wrapper.framework; name = CoreLocation.framework; path = System/Library/Frameworks/CoreLocation.framework; sourceTree = SDKROOT; };
		3FC0C1BD1C665279004BD741 /* Lexicon-Bridging-Header.h */ = {isa = PBXFileReference; lastKnownFileType = sourcecode.c.h; path = "Lexicon-Bridging-Header.h"; sourceTree = "<group>"; };
		3FC0C1BE1C66527A004BD741 /* ParallaxHeaderView.h */ = {isa = PBXFileReference; fileEncoding = 4; lastKnownFileType = sourcecode.c.h; path = ParallaxHeaderView.h; sourceTree = "<group>"; };
		3FC0C1BF1C66527A004BD741 /* ParallaxHeaderView.m */ = {isa = PBXFileReference; fileEncoding = 4; lastKnownFileType = sourcecode.c.objc; path = ParallaxHeaderView.m; sourceTree = "<group>"; };
		3FC6D88D1C6685E100471456 /* TabBarCustomViewController.swift */ = {isa = PBXFileReference; fileEncoding = 4; lastKnownFileType = sourcecode.swift; path = TabBarCustomViewController.swift; sourceTree = "<group>"; };
		3FC6D88F1C668BA300471456 /* HistoryViewController.swift */ = {isa = PBXFileReference; fileEncoding = 4; lastKnownFileType = sourcecode.swift; path = HistoryViewController.swift; sourceTree = "<group>"; };
		3FD726821C663A2300AA4CB1 /* Lexicon.app */ = {isa = PBXFileReference; explicitFileType = wrapper.application; includeInIndex = 0; path = Lexicon.app; sourceTree = BUILT_PRODUCTS_DIR; };
		3FD726851C663A2300AA4CB1 /* AppDelegate.swift */ = {isa = PBXFileReference; lastKnownFileType = sourcecode.swift; path = AppDelegate.swift; sourceTree = "<group>"; };
		3FD7268C1C663A2300AA4CB1 /* Base */ = {isa = PBXFileReference; lastKnownFileType = file.storyboard; name = Base; path = Base.lproj/Main.storyboard; sourceTree = "<group>"; };
		3FD7268E1C663A2300AA4CB1 /* Assets.xcassets */ = {isa = PBXFileReference; lastKnownFileType = folder.assetcatalog; path = Assets.xcassets; sourceTree = "<group>"; };
		3FD726911C663A2300AA4CB1 /* Base */ = {isa = PBXFileReference; lastKnownFileType = file.storyboard; name = Base; path = Base.lproj/LaunchScreen.storyboard; sourceTree = "<group>"; };
		3FD726931C663A2300AA4CB1 /* Info.plist */ = {isa = PBXFileReference; lastKnownFileType = text.plist.xml; path = Info.plist; sourceTree = "<group>"; };
		3FD726991C66465900AA4CB1 /* PlacesViewController.swift */ = {isa = PBXFileReference; fileEncoding = 4; lastKnownFileType = sourcecode.swift; path = PlacesViewController.swift; sourceTree = "<group>"; };
		3FD7269D1C66492500AA4CB1 /* PhraseTableViewCell.swift */ = {isa = PBXFileReference; fileEncoding = 4; lastKnownFileType = sourcecode.swift; path = PhraseTableViewCell.swift; sourceTree = "<group>"; };
		3FE01D0B1C6654F70036CB08 /* UIImage+ImageEffects.h */ = {isa = PBXFileReference; fileEncoding = 4; lastKnownFileType = sourcecode.c.h; path = "UIImage+ImageEffects.h"; sourceTree = "<group>"; };
		3FE01D0C1C6654F70036CB08 /* UIImage+ImageEffects.m */ = {isa = PBXFileReference; fileEncoding = 4; lastKnownFileType = sourcecode.c.objc; path = "UIImage+ImageEffects.m"; sourceTree = "<group>"; };
		3FE01D0E1C66581F0036CB08 /* ParH.xib */ = {isa = PBXFileReference; fileEncoding = 4; lastKnownFileType = file.xib; path = ParH.xib; sourceTree = "<group>"; };
		3FE9B1A21C66AE7E00A46EE8 /* SKSplashIcon.h */ = {isa = PBXFileReference; fileEncoding = 4; lastKnownFileType = sourcecode.c.h; path = SKSplashIcon.h; sourceTree = "<group>"; };
		3FE9B1A31C66AE7E00A46EE8 /* SKSplashIcon.m */ = {isa = PBXFileReference; fileEncoding = 4; lastKnownFileType = sourcecode.c.objc; path = SKSplashIcon.m; sourceTree = "<group>"; };
		3FE9B1A41C66AE7E00A46EE8 /* SKSplashView.h */ = {isa = PBXFileReference; fileEncoding = 4; lastKnownFileType = sourcecode.c.h; path = SKSplashView.h; sourceTree = "<group>"; };
		3FE9B1A51C66AE7E00A46EE8 /* SKSplashView.m */ = {isa = PBXFileReference; fileEncoding = 4; lastKnownFileType = sourcecode.c.objc; path = SKSplashView.m; sourceTree = "<group>"; };
		3FE9B1A81C66B26400A46EE8 /* ProgressViewController.swift */ = {isa = PBXFileReference; fileEncoding = 4; lastKnownFileType = sourcecode.swift; path = ProgressViewController.swift; sourceTree = "<group>"; };
		3FE9B1AA1C66C26D00A46EE8 /* HeaderView.swift */ = {isa = PBXFileReference; fileEncoding = 4; lastKnownFileType = sourcecode.swift; path = HeaderView.swift; sourceTree = "<group>"; };
		3FE9B1B41C66CA6C00A46EE8 /* DateTableViewCell.swift */ = {isa = PBXFileReference; fileEncoding = 4; lastKnownFileType = sourcecode.swift; path = DateTableViewCell.swift; sourceTree = "<group>"; };
		3FE9B1B61C66DD7400A46EE8 /* DetailViewController.swift */ = {isa = PBXFileReference; fileEncoding = 4; lastKnownFileType = sourcecode.swift; path = DetailViewController.swift; sourceTree = "<group>"; };
		3FE9B1B81C66F49400A46EE8 /* Data.swift */ = {isa = PBXFileReference; fileEncoding = 4; lastKnownFileType = sourcecode.swift; path = Data.swift; sourceTree = "<group>"; };
		8BD3A088445050DFF5302D73 /* Pods-Lexicon.debug.xcconfig */ = {isa = PBXFileReference; includeInIndex = 1; lastKnownFileType = text.xcconfig; name = "Pods-Lexicon.debug.xcconfig"; path = "Pods/Target Support Files/Pods-Lexicon/Pods-Lexicon.debug.xcconfig"; sourceTree = "<group>"; };
/* End PBXFileReference section */

/* Begin PBXFrameworksBuildPhase section */
		3FD7267F1C663A2300AA4CB1 /* Frameworks */ = {
			isa = PBXFrameworksBuildPhase;
			buildActionMask = 2147483647;
			files = (
				3F2A8F661C6A6FC5002F6B76 /* CoreLocation.framework in Frameworks */,
				F35C009DB54B33F5B21C4C7A /* Pods_Lexicon.framework in Frameworks */,
			);
			runOnlyForDeploymentPostprocessing = 0;
		};
/* End PBXFrameworksBuildPhase section */

/* Begin PBXGroup section */
		231C7C70499323DBF095CB42 /* Pods */ = {
			isa = PBXGroup;
			children = (
				8BD3A088445050DFF5302D73 /* Pods-Lexicon.debug.xcconfig */,
				2698F2174AB4B607938B7435 /* Pods-Lexicon.release.xcconfig */,
			);
			name = Pods;
			sourceTree = "<group>";
		};
		3FC0C1BC1C66526A004BD741 /* Paralax */ = {
			isa = PBXGroup;
			children = (
				3FE01D0B1C6654F70036CB08 /* UIImage+ImageEffects.h */,
				3FE01D0C1C6654F70036CB08 /* UIImage+ImageEffects.m */,
				3FC0C1BE1C66527A004BD741 /* ParallaxHeaderView.h */,
				3FC0C1BF1C66527A004BD741 /* ParallaxHeaderView.m */,
			);
			name = Paralax;
			sourceTree = "<group>";
		};
		3FD726791C663A2300AA4CB1 = {
			isa = PBXGroup;
			children = (
				3FD726841C663A2300AA4CB1 /* Lexicon */,
				3FD726831C663A2300AA4CB1 /* Products */,
				231C7C70499323DBF095CB42 /* Pods */,
				532FA5A03D357DA7EC2874A8 /* Frameworks */,
			);
			sourceTree = "<group>";
		};
		3FD726831C663A2300AA4CB1 /* Products */ = {
			isa = PBXGroup;
			children = (
				3FD726821C663A2300AA4CB1 /* Lexicon.app */,
			);
			name = Products;
			sourceTree = "<group>";
		};
		3FD726841C663A2300AA4CB1 /* Lexicon */ = {
			isa = PBXGroup;
			children = (
				3FC0C1BD1C665279004BD741 /* Lexicon-Bridging-Header.h */,
				3FE9B1A11C66AE7E00A46EE8 /* SKSplashView */,
				3FC0C1BC1C66526A004BD741 /* Paralax */,
				3FD726851C663A2300AA4CB1 /* AppDelegate.swift */,
				3FE01D0E1C66581F0036CB08 /* ParH.xib */,
				3FE9B1AA1C66C26D00A46EE8 /* HeaderView.swift */,
				3FD7268B1C663A2300AA4CB1 /* Main.storyboard */,
				3FE9B1B61C66DD7400A46EE8 /* DetailViewController.swift */,
				3FE9B1A81C66B26400A46EE8 /* ProgressViewController.swift */,
				3FC6D88F1C668BA300471456 /* HistoryViewController.swift */,
				3FC6D88D1C6685E100471456 /* TabBarCustomViewController.swift */,
				3FD726991C66465900AA4CB1 /* PlacesViewController.swift */,
				3F2A8F631C6A65F5002F6B76 /* Networking.swift */,
				3FD7269D1C66492500AA4CB1 /* PhraseTableViewCell.swift */,
				3FD7268E1C663A2300AA4CB1 /* Assets.xcassets */,
				3FD726901C663A2300AA4CB1 /* LaunchScreen.storyboard */,
				3FD726931C663A2300AA4CB1 /* Info.plist */,
				3FE9B1B41C66CA6C00A46EE8 /* DateTableViewCell.swift */,
				3FE9B1B81C66F49400A46EE8 /* Data.swift */,
			);
			path = Lexicon;
			sourceTree = "<group>";
		};
		3FE9B1A11C66AE7E00A46EE8 /* SKSplashView */ = {
			isa = PBXGroup;
			children = (
				3FE9B1A21C66AE7E00A46EE8 /* SKSplashIcon.h */,
				3FE9B1A31C66AE7E00A46EE8 /* SKSplashIcon.m */,
				3FE9B1A41C66AE7E00A46EE8 /* SKSplashView.h */,
				3FE9B1A51C66AE7E00A46EE8 /* SKSplashView.m */,
			);
			path = SKSplashView;
			sourceTree = "<group>";
		};
		532FA5A03D357DA7EC2874A8 /* Frameworks */ = {
			isa = PBXGroup;
			children = (
				3F2A8F651C6A6FC4002F6B76 /* CoreLocation.framework */,
				39DD05BAF777407A367B8452 /* Pods_Lexicon.framework */,
			);
			name = Frameworks;
			sourceTree = "<group>";
		};
/* End PBXGroup section */

/* Begin PBXNativeTarget section */
		3FD726811C663A2300AA4CB1 /* Lexicon */ = {
			isa = PBXNativeTarget;
			buildConfigurationList = 3FD726961C663A2300AA4CB1 /* Build configuration list for PBXNativeTarget "Lexicon" */;
			buildPhases = (
				1B807C817A224C47688FC058 /* Check Pods Manifest.lock */,
				3FD7267E1C663A2300AA4CB1 /* Sources */,
				3FD7267F1C663A2300AA4CB1 /* Frameworks */,
				3FD726801C663A2300AA4CB1 /* Resources */,
				6CCE5513A7875BE890BC6C9B /* Embed Pods Frameworks */,
				B04076B25E1BED5C566DF745 /* Copy Pods Resources */,
			);
			buildRules = (
			);
			dependencies = (
			);
			name = Lexicon;
			productName = Lexicon;
			productReference = 3FD726821C663A2300AA4CB1 /* Lexicon.app */;
			productType = "com.apple.product-type.application";
		};
/* End PBXNativeTarget section */

/* Begin PBXProject section */
		3FD7267A1C663A2300AA4CB1 /* Project object */ = {
			isa = PBXProject;
			attributes = {
				LastSwiftUpdateCheck = 0720;
				LastUpgradeCheck = 0720;
				ORGANIZATIONNAME = "Ilia Tikhomirov";
				TargetAttributes = {
					3FD726811C663A2300AA4CB1 = {
						CreatedOnToolsVersion = 7.2;
					};
				};
			};
			buildConfigurationList = 3FD7267D1C663A2300AA4CB1 /* Build configuration list for PBXProject "Lexicon" */;
			compatibilityVersion = "Xcode 3.2";
			developmentRegion = English;
			hasScannedForEncodings = 0;
			knownRegions = (
				en,
				Base,
			);
			mainGroup = 3FD726791C663A2300AA4CB1;
			productRefGroup = 3FD726831C663A2300AA4CB1 /* Products */;
			projectDirPath = "";
			projectRoot = "";
			targets = (
				3FD726811C663A2300AA4CB1 /* Lexicon */,
			);
		};
/* End PBXProject section */

/* Begin PBXResourcesBuildPhase section */
		3FD726801C663A2300AA4CB1 /* Resources */ = {
			isa = PBXResourcesBuildPhase;
			buildActionMask = 2147483647;
			files = (
				3FE01D0F1C66581F0036CB08 /* ParH.xib in Resources */,
				3FD726921C663A2300AA4CB1 /* LaunchScreen.storyboard in Resources */,
				3FD7268F1C663A2300AA4CB1 /* Assets.xcassets in Resources */,
				3FD7268D1C663A2300AA4CB1 /* Main.storyboard in Resources */,
			);
			runOnlyForDeploymentPostprocessing = 0;
		};
/* End PBXResourcesBuildPhase section */

/* Begin PBXShellScriptBuildPhase section */
		1B807C817A224C47688FC058 /* Check Pods Manifest.lock */ = {
			isa = PBXShellScriptBuildPhase;
			buildActionMask = 2147483647;
			files = (
			);
			inputPaths = (
			);
			name = "Check Pods Manifest.lock";
			outputPaths = (
			);
			runOnlyForDeploymentPostprocessing = 0;
			shellPath = /bin/sh;
			shellScript = "diff \"${PODS_ROOT}/../Podfile.lock\" \"${PODS_ROOT}/Manifest.lock\" > /dev/null\nif [[ $? != 0 ]] ; then\n    cat << EOM\nerror: The sandbox is not in sync with the Podfile.lock. Run 'pod install' or update your CocoaPods installation.\nEOM\n    exit 1\nfi\n";
			showEnvVarsInLog = 0;
		};
		6CCE5513A7875BE890BC6C9B /* Embed Pods Frameworks */ = {
			isa = PBXShellScriptBuildPhase;
			buildActionMask = 2147483647;
			files = (
			);
			inputPaths = (
			);
			name = "Embed Pods Frameworks";
			outputPaths = (
			);
			runOnlyForDeploymentPostprocessing = 0;
			shellPath = /bin/sh;
			shellScript = "\"${SRCROOT}/Pods/Target Support Files/Pods-Lexicon/Pods-Lexicon-frameworks.sh\"\n";
			showEnvVarsInLog = 0;
		};
		B04076B25E1BED5C566DF745 /* Copy Pods Resources */ = {
			isa = PBXShellScriptBuildPhase;
			buildActionMask = 2147483647;
			files = (
			);
			inputPaths = (
			);
			name = "Copy Pods Resources";
			outputPaths = (
			);
			runOnlyForDeploymentPostprocessing = 0;
			shellPath = /bin/sh;
			shellScript = "\"${SRCROOT}/Pods/Target Support Files/Pods-Lexicon/Pods-Lexicon-resources.sh\"\n";
			showEnvVarsInLog = 0;
		};
/* End PBXShellScriptBuildPhase section */

/* Begin PBXSourcesBuildPhase section */
		3FD7267E1C663A2300AA4CB1 /* Sources */ = {
			isa = PBXSourcesBuildPhase;
			buildActionMask = 2147483647;
			files = (
				3FC0C1C01C66527A004BD741 /* ParallaxHeaderView.m in Sources */,
				3FD7269A1C66465900AA4CB1 /* PlacesViewController.swift in Sources */,
				3FE9B1A91C66B26400A46EE8 /* ProgressViewController.swift in Sources */,
				3FC6D88E1C6685E100471456 /* TabBarCustomViewController.swift in Sources */,
				3FE01D0D1C6654F70036CB08 /* UIImage+ImageEffects.m in Sources */,
				3FE9B1B51C66CA6C00A46EE8 /* DateTableViewCell.swift in Sources */,
				3F2A8F641C6A65F5002F6B76 /* Networking.swift in Sources */,
				3FE9B1A61C66AE7E00A46EE8 /* SKSplashIcon.m in Sources */,
				3FE9B1B91C66F49400A46EE8 /* Data.swift in Sources */,
				3FE9B1A71C66AE7E00A46EE8 /* SKSplashView.m in Sources */,
				3FD7269E1C66492500AA4CB1 /* PhraseTableViewCell.swift in Sources */,
				3FD726861C663A2300AA4CB1 /* AppDelegate.swift in Sources */,
				3FC6D8901C668BA300471456 /* HistoryViewController.swift in Sources */,
				3FE9B1AB1C66C26D00A46EE8 /* HeaderView.swift in Sources */,
				3FE9B1B71C66DD7400A46EE8 /* DetailViewController.swift in Sources */,
			);
			runOnlyForDeploymentPostprocessing = 0;
		};
/* End PBXSourcesBuildPhase section */

/* Begin PBXVariantGroup section */
		3FD7268B1C663A2300AA4CB1 /* Main.storyboard */ = {
			isa = PBXVariantGroup;
			children = (
				3FD7268C1C663A2300AA4CB1 /* Base */,
			);
			name = Main.storyboard;
			sourceTree = "<group>";
		};
		3FD726901C663A2300AA4CB1 /* LaunchScreen.storyboard */ = {
			isa = PBXVariantGroup;
			children = (
				3FD726911C663A2300AA4CB1 /* Base */,
			);
			name = LaunchScreen.storyboard;
			sourceTree = "<group>";
		};
/* End PBXVariantGroup section */

/* Begin XCBuildConfiguration section */
		3FD726941C663A2300AA4CB1 /* Debug */ = {
			isa = XCBuildConfiguration;
			buildSettings = {
				ALWAYS_SEARCH_USER_PATHS = NO;
				CLANG_CXX_LANGUAGE_STANDARD = "gnu++0x";
				CLANG_CXX_LIBRARY = "libc++";
				CLANG_ENABLE_MODULES = YES;
				CLANG_ENABLE_OBJC_ARC = YES;
				CLANG_WARN_BOOL_CONVERSION = YES;
				CLANG_WARN_CONSTANT_CONVERSION = YES;
				CLANG_WARN_DIRECT_OBJC_ISA_USAGE = YES_ERROR;
				CLANG_WARN_EMPTY_BODY = YES;
				CLANG_WARN_ENUM_CONVERSION = YES;
				CLANG_WARN_INT_CONVERSION = YES;
				CLANG_WARN_OBJC_ROOT_CLASS = YES_ERROR;
				CLANG_WARN_UNREACHABLE_CODE = YES;
				CLANG_WARN__DUPLICATE_METHOD_MATCH = YES;
				"CODE_SIGN_IDENTITY[sdk=iphoneos*]" = "iPhone Developer";
				COPY_PHASE_STRIP = NO;
				DEBUG_INFORMATION_FORMAT = dwarf;
				ENABLE_STRICT_OBJC_MSGSEND = YES;
				ENABLE_TESTABILITY = YES;
				GCC_C_LANGUAGE_STANDARD = gnu99;
				GCC_DYNAMIC_NO_PIC = NO;
				GCC_NO_COMMON_BLOCKS = YES;
				GCC_OPTIMIZATION_LEVEL = 0;
				GCC_PREPROCESSOR_DEFINITIONS = (
					"DEBUG=1",
					"$(inherited)",
				);
				GCC_WARN_64_TO_32_BIT_CONVERSION = YES;
				GCC_WARN_ABOUT_RETURN_TYPE = YES_ERROR;
				GCC_WARN_UNDECLARED_SELECTOR = YES;
				GCC_WARN_UNINITIALIZED_AUTOS = YES_AGGRESSIVE;
				GCC_WARN_UNUSED_FUNCTION = YES;
				GCC_WARN_UNUSED_VARIABLE = YES;
				IPHONEOS_DEPLOYMENT_TARGET = 9.2;
				MTL_ENABLE_DEBUG_INFO = YES;
				ONLY_ACTIVE_ARCH = YES;
				SDKROOT = iphoneos;
				SWIFT_OPTIMIZATION_LEVEL = "-Onone";
			};
			name = Debug;
		};
		3FD726951C663A2300AA4CB1 /* Release */ = {
			isa = XCBuildConfiguration;
			buildSettings = {
				ALWAYS_SEARCH_USER_PATHS = NO;
				CLANG_CXX_LANGUAGE_STANDARD = "gnu++0x";
				CLANG_CXX_LIBRARY = "libc++";
				CLANG_ENABLE_MODULES = YES;
				CLANG_ENABLE_OBJC_ARC = YES;
				CLANG_WARN_BOOL_CONVERSION = YES;
				CLANG_WARN_CONSTANT_CONVERSION = YES;
				CLANG_WARN_DIRECT_OBJC_ISA_USAGE = YES_ERROR;
				CLANG_WARN_EMPTY_BODY = YES;
				CLANG_WARN_ENUM_CONVERSION = YES;
				CLANG_WARN_INT_CONVERSION = YES;
				CLANG_WARN_OBJC_ROOT_CLASS = YES_ERROR;
				CLANG_WARN_UNREACHABLE_CODE = YES;
				CLANG_WARN__DUPLICATE_METHOD_MATCH = YES;
				"CODE_SIGN_IDENTITY[sdk=iphoneos*]" = "iPhone Developer";
				COPY_PHASE_STRIP = NO;
				DEBUG_INFORMATION_FORMAT = "dwarf-with-dsym";
				ENABLE_NS_ASSERTIONS = NO;
				ENABLE_STRICT_OBJC_MSGSEND = YES;
				GCC_C_LANGUAGE_STANDARD = gnu99;
				GCC_NO_COMMON_BLOCKS = YES;
				GCC_WARN_64_TO_32_BIT_CONVERSION = YES;
				GCC_WARN_ABOUT_RETURN_TYPE = YES_ERROR;
				GCC_WARN_UNDECLARED_SELECTOR = YES;
				GCC_WARN_UNINITIALIZED_AUTOS = YES_AGGRESSIVE;
				GCC_WARN_UNUSED_FUNCTION = YES;
				GCC_WARN_UNUSED_VARIABLE = YES;
				IPHONEOS_DEPLOYMENT_TARGET = 9.2;
				MTL_ENABLE_DEBUG_INFO = NO;
				SDKROOT = iphoneos;
				VALIDATE_PRODUCT = YES;
			};
			name = Release;
		};
		3FD726971C663A2300AA4CB1 /* Debug */ = {
			isa = XCBuildConfiguration;
			baseConfigurationReference = 8BD3A088445050DFF5302D73 /* Pods-Lexicon.debug.xcconfig */;
			buildSettings = {
				ASSETCATALOG_COMPILER_APPICON_NAME = AppIcon;
				CLANG_ENABLE_MODULES = YES;
				INFOPLIST_FILE = Lexicon/Info.plist;
				LD_RUNPATH_SEARCH_PATHS = "$(inherited) @executable_path/Frameworks";
				PRODUCT_BUNDLE_IDENTIFIER = com.thm.Lexicon;
				PRODUCT_NAME = "$(TARGET_NAME)";
				SWIFT_OBJC_BRIDGING_HEADER = "Lexicon/Lexicon-Bridging-Header.h";
				SWIFT_OPTIMIZATION_LEVEL = "-Onone";
			};
			name = Debug;
		};
		3FD726981C663A2300AA4CB1 /* Release */ = {
			isa = XCBuildConfiguration;
			baseConfigurationReference = 2698F2174AB4B607938B7435 /* Pods-Lexicon.release.xcconfig */;
			buildSettings = {
				ASSETCATALOG_COMPILER_APPICON_NAME = AppIcon;
				CLANG_ENABLE_MODULES = YES;
				INFOPLIST_FILE = Lexicon/Info.plist;
				LD_RUNPATH_SEARCH_PATHS = "$(inherited) @executable_path/Frameworks";
				PRODUCT_BUNDLE_IDENTIFIER = com.thm.Lexicon;
				PRODUCT_NAME = "$(TARGET_NAME)";
				SWIFT_OBJC_BRIDGING_HEADER = "Lexicon/Lexicon-Bridging-Header.h";
			};
			name = Release;
		};
/* End XCBuildConfiguration section */

/* Begin XCConfigurationList section */
		3FD7267D1C663A2300AA4CB1 /* Build configuration list for PBXProject "Lexicon" */ = {
			isa = XCConfigurationList;
			buildConfigurations = (
				3FD726941C663A2300AA4CB1 /* Debug */,
				3FD726951C663A2300AA4CB1 /* Release */,
			);
			defaultConfigurationIsVisible = 0;
			defaultConfigurationName = Release;
		};
		3FD726961C663A2300AA4CB1 /* Build configuration list for PBXNativeTarget "Lexicon" */ = {
			isa = XCConfigurationList;
			buildConfigurations = (
				3FD726971C663A2300AA4CB1 /* Debug */,
				3FD726981C663A2300AA4CB1 /* Release */,
			);
			defaultConfigurationIsVisible = 0;
			defaultConfigurationName = Release;
		};
/* End XCConfigurationList section */
	};
	rootObject = 3FD7267A1C663A2300AA4CB1 /* Project object */;
}
